dependencies:
- name: sthings-helm-toolkit
  repository: oci://eu.gcr.io/stuttgart-things
  version: 2.4.42
- name: redis
  repository: https://charts.bitnami.com/bitnami
  version: 17.11.6
- name: tekton-resources
  repository: oci://eu.gcr.io/stuttgart-things
  version: v0.47.11
digest: sha256:f7054bb719c620d58128dd24a4d9cc0d203ea94e544d56c9c5ff028652dacca7
generated: "2023-07-12T10:59:47.431803038Z"
