dependencies:
- name: sthings-helm-toolkit
  repository: oci://eu.gcr.io/stuttgart-things
  version: 2.4.42
- name: redis
  repository: https://charts.bitnami.com/bitnami
  version: 17.11.6
- name: yacht-tekton-resources
  repository: oci://eu.gcr.io/stuttgart-things
  version: v0.47.10
digest: sha256:e6c2a87029b6218a0075532145a8659f8247b9cb95984ae63875b37258d84a40
generated: "2023-07-09T14:49:51.774975502Z"
